// !$*UTF8*$!
{
	archiveVersion = 1;
	classes = {
	};
	objectVersion = 55;
	objects = {

/* Begin PBXBuildFile section */
		172A0C29285C99A00042A7AE /* Preferences.storyboard in Resources */ = {isa = PBXBuildFile; fileRef = 172A0C28285C99A00042A7AE /* Preferences.storyboard */; };
		172A0C31285CA2600042A7AE /* PreferencesViewController.swift in Sources */ = {isa = PBXBuildFile; fileRef = 172A0C30285CA2600042A7AE /* PreferencesViewController.swift */; };
		172A0C33285CA3150042A7AE /* PreferencesWindowController.swift in Sources */ = {isa = PBXBuildFile; fileRef = 172A0C32285CA3150042A7AE /* PreferencesWindowController.swift */; };
		17C15038285BF99700910754 /* AppDelegate.swift in Sources */ = {isa = PBXBuildFile; fileRef = 17C15037285BF99700910754 /* AppDelegate.swift */; };
		17C1503A285BF99700910754 /* ViewController.swift in Sources */ = {isa = PBXBuildFile; fileRef = 17C15039285BF99700910754 /* ViewController.swift */; };
		17C1503C285BF99900910754 /* Assets.xcassets in Resources */ = {isa = PBXBuildFile; fileRef = 17C1503B285BF99900910754 /* Assets.xcassets */; };
		17C1503F285BF99900910754 /* Main.storyboard in Resources */ = {isa = PBXBuildFile; fileRef = 17C1503D285BF99900910754 /* Main.storyboard */; };
		17C15048285BF9C300910754 /* FeedKit in Frameworks */ = {isa = PBXBuildFile; productRef = 17C15047285BF9C300910754 /* FeedKit */; };
/* End PBXBuildFile section */

/* Begin PBXFileReference section */
		172A0C28285C99A00042A7AE /* Preferences.storyboard */ = {isa = PBXFileReference; lastKnownFileType = file.storyboard; path = Preferences.storyboard; sourceTree = "<group>"; };
		172A0C30285CA2600042A7AE /* PreferencesViewController.swift */ = {isa = PBXFileReference; lastKnownFileType = sourcecode.swift; path = PreferencesViewController.swift; sourceTree = "<group>"; };
		172A0C32285CA3150042A7AE /* PreferencesWindowController.swift */ = {isa = PBXFileReference; lastKnownFileType = sourcecode.swift; path = PreferencesWindowController.swift; sourceTree = "<group>"; };
		17C15034285BF99700910754 /* Taberu.app */ = {isa = PBXFileReference; explicitFileType = wrapper.application; includeInIndex = 0; path = Taberu.app; sourceTree = BUILT_PRODUCTS_DIR; };
		17C15037285BF99700910754 /* AppDelegate.swift */ = {isa = PBXFileReference; lastKnownFileType = sourcecode.swift; path = AppDelegate.swift; sourceTree = "<group>"; };
		17C15039285BF99700910754 /* ViewController.swift */ = {isa = PBXFileReference; lastKnownFileType = sourcecode.swift; path = ViewController.swift; sourceTree = "<group>"; };
		17C1503B285BF99900910754 /* Assets.xcassets */ = {isa = PBXFileReference; lastKnownFileType = folder.assetcatalog; path = Assets.xcassets; sourceTree = "<group>"; };
		17C1503E285BF99900910754 /* Base */ = {isa = PBXFileReference; lastKnownFileType = file.storyboard; name = Base; path = Base.lproj/Main.storyboard; sourceTree = "<group>"; };
		17C15040285BF99900910754 /* Taberu.entitlements */ = {isa = PBXFileReference; lastKnownFileType = text.plist.entitlements; path = Taberu.entitlements; sourceTree = "<group>"; };
		17C15049285BFCF500910754 /* Info.plist */ = {isa = PBXFileReference; lastKnownFileType = text.plist; path = Info.plist; sourceTree = "<group>"; };
/* End PBXFileReference section */

/* Begin PBXFrameworksBuildPhase section */
		17C15031285BF99700910754 /* Frameworks */ = {
			isa = PBXFrameworksBuildPhase;
			buildActionMask = 2147483647;
			files = (
				17C15048285BF9C300910754 /* FeedKit in Frameworks */,
			);
			runOnlyForDeploymentPostprocessing = 0;
		};
/* End PBXFrameworksBuildPhase section */

/* Begin PBXGroup section */
		172A0C2F285CA09D0042A7AE /* PreferencesWindow */ = {
			isa = PBXGroup;
			children = (
				172A0C28285C99A00042A7AE /* Preferences.storyboard */,
				172A0C30285CA2600042A7AE /* PreferencesViewController.swift */,
				172A0C32285CA3150042A7AE /* PreferencesWindowController.swift */,
			);
			path = PreferencesWindow;
			sourceTree = "<group>";
		};
		17C1502B285BF99700910754 = {
			isa = PBXGroup;
			children = (
				17C15036285BF99700910754 /* Taberu */,
				17C15035285BF99700910754 /* Products */,
			);
			sourceTree = "<group>";
		};
		17C15035285BF99700910754 /* Products */ = {
			isa = PBXGroup;
			children = (
				17C15034285BF99700910754 /* Taberu.app */,
			);
			name = Products;
			sourceTree = "<group>";
		};
		17C15036285BF99700910754 /* Taberu */ = {
			isa = PBXGroup;
			children = (
				172A0C2F285CA09D0042A7AE /* PreferencesWindow */,
				17C15049285BFCF500910754 /* Info.plist */,
				17C15037285BF99700910754 /* AppDelegate.swift */,
				17C15039285BF99700910754 /* ViewController.swift */,
				17C1503B285BF99900910754 /* Assets.xcassets */,
				17C1503D285BF99900910754 /* Main.storyboard */,
				17C15040285BF99900910754 /* Taberu.entitlements */,
			);
			path = Taberu;
			sourceTree = "<group>";
		};
/* End PBXGroup section */

/* Begin PBXNativeTarget section */
		17C15033285BF99700910754 /* Taberu */ = {
			isa = PBXNativeTarget;
			buildConfigurationList = 17C15043285BF99900910754 /* Build configuration list for PBXNativeTarget "Taberu" */;
			buildPhases = (
				17C15030285BF99700910754 /* Sources */,
				17C15031285BF99700910754 /* Frameworks */,
				17C15032285BF99700910754 /* Resources */,
			);
			buildRules = (
			);
			dependencies = (
			);
			name = Taberu;
			packageProductDependencies = (
				17C15047285BF9C300910754 /* FeedKit */,
			);
			productName = Taberu;
			productReference = 17C15034285BF99700910754 /* Taberu.app */;
			productType = "com.apple.product-type.application";
		};
/* End PBXNativeTarget section */

/* Begin PBXProject section */
		17C1502C285BF99700910754 /* Project object */ = {
			isa = PBXProject;
			attributes = {
				BuildIndependentTargetsInParallel = 1;
				LastSwiftUpdateCheck = 1340;
				LastUpgradeCheck = 1340;
				TargetAttributes = {
					17C15033285BF99700910754 = {
						CreatedOnToolsVersion = 13.4.1;
					};
				};
			};
			buildConfigurationList = 17C1502F285BF99700910754 /* Build configuration list for PBXProject "Taberu" */;
			compatibilityVersion = "Xcode 13.0";
			developmentRegion = en;
			hasScannedForEncodings = 0;
			knownRegions = (
				en,
				Base,
			);
			mainGroup = 17C1502B285BF99700910754;
			packageReferences = (
				17C15046285BF9C300910754 /* XCRemoteSwiftPackageReference "FeedKit" */,
			);
			productRefGroup = 17C15035285BF99700910754 /* Products */;
			projectDirPath = "";
			projectRoot = "";
			targets = (
				17C15033285BF99700910754 /* Taberu */,
			);
		};
/* End PBXProject section */

/* Begin PBXResourcesBuildPhase section */
		17C15032285BF99700910754 /* Resources */ = {
			isa = PBXResourcesBuildPhase;
			buildActionMask = 2147483647;
			files = (
				172A0C29285C99A00042A7AE /* Preferences.storyboard in Resources */,
				17C1503C285BF99900910754 /* Assets.xcassets in Resources */,
				17C1503F285BF99900910754 /* Main.storyboard in Resources */,
			);
			runOnlyForDeploymentPostprocessing = 0;
		};
/* End PBXResourcesBuildPhase section */

/* Begin PBXSourcesBuildPhase section */
		17C15030285BF99700910754 /* Sources */ = {
			isa = PBXSourcesBuildPhase;
			buildActionMask = 2147483647;
			files = (
				17C1503A285BF99700910754 /* ViewController.swift in Sources */,
				17C15038285BF99700910754 /* AppDelegate.swift in Sources */,
				172A0C33285CA3150042A7AE /* PreferencesWindowController.swift in Sources */,
				172A0C31285CA2600042A7AE /* PreferencesViewController.swift in Sources */,
			);
			runOnlyForDeploymentPostprocessing = 0;
		};
/* End PBXSourcesBuildPhase section */

/* Begin PBXVariantGroup section */
		17C1503D285BF99900910754 /* Main.storyboard */ = {
			isa = PBXVariantGroup;
			children = (
				17C1503E285BF99900910754 /* Base */,
			);
			name = Main.storyboard;
			sourceTree = "<group>";
		};
/* End PBXVariantGroup section */

/* Begin XCBuildConfiguration section */
		17C15041285BF99900910754 /* Debug */ = {
			isa = XCBuildConfiguration;
			buildSettings = {
				ALWAYS_SEARCH_USER_PATHS = NO;
				CLANG_ANALYZER_NONNULL = YES;
				CLANG_ANALYZER_NUMBER_OBJECT_CONVERSION = YES_AGGRESSIVE;
				CLANG_CXX_LANGUAGE_STANDARD = "gnu++17";
				CLANG_ENABLE_MODULES = YES;
				CLANG_ENABLE_OBJC_ARC = YES;
				CLANG_ENABLE_OBJC_WEAK = YES;
				CLANG_WARN_BLOCK_CAPTURE_AUTORELEASING = YES;
				CLANG_WARN_BOOL_CONVERSION = YES;
				CLANG_WARN_COMMA = YES;
				CLANG_WARN_CONSTANT_CONVERSION = YES;
				CLANG_WARN_DEPRECATED_OBJC_IMPLEMENTATIONS = YES;
				CLANG_WARN_DIRECT_OBJC_ISA_USAGE = YES_ERROR;
				CLANG_WARN_DOCUMENTATION_COMMENTS = YES;
				CLANG_WARN_EMPTY_BODY = YES;
				CLANG_WARN_ENUM_CONVERSION = YES;
				CLANG_WARN_INFINITE_RECURSION = YES;
				CLANG_WARN_INT_CONVERSION = YES;
				CLANG_WARN_NON_LITERAL_NULL_CONVERSION = YES;
				CLANG_WARN_OBJC_IMPLICIT_RETAIN_SELF = YES;
				CLANG_WARN_OBJC_LITERAL_CONVERSION = YES;
				CLANG_WARN_OBJC_ROOT_CLASS = YES_ERROR;
				CLANG_WARN_QUOTED_INCLUDE_IN_FRAMEWORK_HEADER = YES;
				CLANG_WARN_RANGE_LOOP_ANALYSIS = YES;
				CLANG_WARN_STRICT_PROTOTYPES = YES;
				CLANG_WARN_SUSPICIOUS_MOVE = YES;
				CLANG_WARN_UNGUARDED_AVAILABILITY = YES_AGGRESSIVE;
				CLANG_WARN_UNREACHABLE_CODE = YES;
				CLANG_WARN__DUPLICATE_METHOD_MATCH = YES;
				COPY_PHASE_STRIP = NO;
				DEBUG_INFORMATION_FORMAT = dwarf;
				ENABLE_STRICT_OBJC_MSGSEND = YES;
				ENABLE_TESTABILITY = YES;
				GCC_C_LANGUAGE_STANDARD = gnu11;
				GCC_DYNAMIC_NO_PIC = NO;
				GCC_NO_COMMON_BLOCKS = YES;
				GCC_OPTIMIZATION_LEVEL = 0;
				GCC_PREPROCESSOR_DEFINITIONS = (
					"DEBUG=1",
					"$(inherited)",
				);
				GCC_WARN_64_TO_32_BIT_CONVERSION = YES;
				GCC_WARN_ABOUT_RETURN_TYPE = YES_ERROR;
				GCC_WARN_UNDECLARED_SELECTOR = YES;
				GCC_WARN_UNINITIALIZED_AUTOS = YES_AGGRESSIVE;
				GCC_WARN_UNUSED_FUNCTION = YES;
				GCC_WARN_UNUSED_VARIABLE = YES;
				MACOSX_DEPLOYMENT_TARGET = 12.3;
				MTL_ENABLE_DEBUG_INFO = INCLUDE_SOURCE;
				MTL_FAST_MATH = YES;
				ONLY_ACTIVE_ARCH = YES;
				SDKROOT = macosx;
				SWIFT_ACTIVE_COMPILATION_CONDITIONS = DEBUG;
				SWIFT_OPTIMIZATION_LEVEL = "-Onone";
			};
			name = Debug;
		};
		17C15042285BF99900910754 /* Release */ = {
			isa = XCBuildConfiguration;
			buildSettings = {
				ALWAYS_SEARCH_USER_PATHS = NO;
				CLANG_ANALYZER_NONNULL = YES;
				CLANG_ANALYZER_NUMBER_OBJECT_CONVERSION = YES_AGGRESSIVE;
				CLANG_CXX_LANGUAGE_STANDARD = "gnu++17";
				CLANG_ENABLE_MODULES = YES;
				CLANG_ENABLE_OBJC_ARC = YES;
				CLANG_ENABLE_OBJC_WEAK = YES;
				CLANG_WARN_BLOCK_CAPTURE_AUTORELEASING = YES;
				CLANG_WARN_BOOL_CONVERSION = YES;
				CLANG_WARN_COMMA = YES;
				CLANG_WARN_CONSTANT_CONVERSION = YES;
				CLANG_WARN_DEPRECATED_OBJC_IMPLEMENTATIONS = YES;
				CLANG_WARN_DIRECT_OBJC_ISA_USAGE = YES_ERROR;
				CLANG_WARN_DOCUMENTATION_COMMENTS = YES;
				CLANG_WARN_EMPTY_BODY = YES;
				CLANG_WARN_ENUM_CONVERSION = YES;
				CLANG_WARN_INFINITE_RECURSION = YES;
				CLANG_WARN_INT_CONVERSION = YES;
				CLANG_WARN_NON_LITERAL_NULL_CONVERSION = YES;
				CLANG_WARN_OBJC_IMPLICIT_RETAIN_SELF = YES;
				CLANG_WARN_OBJC_LITERAL_CONVERSION = YES;
				CLANG_WARN_OBJC_ROOT_CLASS = YES_ERROR;
				CLANG_WARN_QUOTED_INCLUDE_IN_FRAMEWORK_HEADER = YES;
				CLANG_WARN_RANGE_LOOP_ANALYSIS = YES;
				CLANG_WARN_STRICT_PROTOTYPES = YES;
				CLANG_WARN_SUSPICIOUS_MOVE = YES;
				CLANG_WARN_UNGUARDED_AVAILABILITY = YES_AGGRESSIVE;
				CLANG_WARN_UNREACHABLE_CODE = YES;
				CLANG_WARN__DUPLICATE_METHOD_MATCH = YES;
				COPY_PHASE_STRIP = NO;
				DEBUG_INFORMATION_FORMAT = "dwarf-with-dsym";
				ENABLE_NS_ASSERTIONS = NO;
				ENABLE_STRICT_OBJC_MSGSEND = YES;
				GCC_C_LANGUAGE_STANDARD = gnu11;
				GCC_NO_COMMON_BLOCKS = YES;
				GCC_WARN_64_TO_32_BIT_CONVERSION = YES;
				GCC_WARN_ABOUT_RETURN_TYPE = YES_ERROR;
				GCC_WARN_UNDECLARED_SELECTOR = YES;
				GCC_WARN_UNINITIALIZED_AUTOS = YES_AGGRESSIVE;
				GCC_WARN_UNUSED_FUNCTION = YES;
				GCC_WARN_UNUSED_VARIABLE = YES;
				MACOSX_DEPLOYMENT_TARGET = 12.3;
				MTL_ENABLE_DEBUG_INFO = NO;
				MTL_FAST_MATH = YES;
				SDKROOT = macosx;
				SWIFT_COMPILATION_MODE = wholemodule;
				SWIFT_OPTIMIZATION_LEVEL = "-O";
			};
			name = Release;
		};
		17C15044285BF99900910754 /* Debug */ = {
			isa = XCBuildConfiguration;
			buildSettings = {
				ASSETCATALOG_COMPILER_APPICON_NAME = AppIcon;
				ASSETCATALOG_COMPILER_GLOBAL_ACCENT_COLOR_NAME = AccentColor;
				CODE_SIGN_ENTITLEMENTS = Taberu/Taberu.entitlements;
				CODE_SIGN_STYLE = Automatic;
				COMBINE_HIDPI_IMAGES = YES;
				CURRENT_PROJECT_VERSION = 43;
				DEVELOPMENT_TEAM = 35BSP6SUG9;
				ENABLE_HARDENED_RUNTIME = YES;
				GENERATE_INFOPLIST_FILE = YES;
				INFOPLIST_FILE = Taberu/Info.plist;
				INFOPLIST_KEY_LSApplicationCategoryType = "public.app-category.news";
				INFOPLIST_KEY_NSHumanReadableCopyright = "";
				INFOPLIST_KEY_NSMainStoryboardFile = Main;
				INFOPLIST_KEY_NSPrincipalClass = NSApplication;
				LD_RUNPATH_SEARCH_PATHS = (
					"$(inherited)",
					"@executable_path/../Frameworks",
				);
				MACOSX_DEPLOYMENT_TARGET = 11.0;
				MARKETING_VERSION = 1.1;
				PRODUCT_BUNDLE_IDENTIFIER = dev.mnpn.Taberu;
				PRODUCT_NAME = "$(TARGET_NAME)";
				SWIFT_EMIT_LOC_STRINGS = YES;
				SWIFT_VERSION = 5.0;
			};
			name = Debug;
		};
		17C15045285BF99900910754 /* Release */ = {
			isa = XCBuildConfiguration;
			buildSettings = {
				ASSETCATALOG_COMPILER_APPICON_NAME = AppIcon;
				ASSETCATALOG_COMPILER_GLOBAL_ACCENT_COLOR_NAME = AccentColor;
				CODE_SIGN_ENTITLEMENTS = Taberu/Taberu.entitlements;
				CODE_SIGN_STYLE = Automatic;
				COMBINE_HIDPI_IMAGES = YES;
				CURRENT_PROJECT_VERSION = 43;
				DEVELOPMENT_TEAM = 35BSP6SUG9;
				ENABLE_HARDENED_RUNTIME = YES;
				GENERATE_INFOPLIST_FILE = YES;
				INFOPLIST_FILE = Taberu/Info.plist;
				INFOPLIST_KEY_LSApplicationCategoryType = "public.app-category.news";
				INFOPLIST_KEY_NSHumanReadableCopyright = "";
				INFOPLIST_KEY_NSMainStoryboardFile = Main;
				INFOPLIST_KEY_NSPrincipalClass = NSApplication;
				LD_RUNPATH_SEARCH_PATHS = (
					"$(inherited)",
					"@executable_path/../Frameworks",
				);
				MACOSX_DEPLOYMENT_TARGET = 11.0;
				MARKETING_VERSION = 1.1;
				PRODUCT_BUNDLE_IDENTIFIER = dev.mnpn.Taberu;
				PRODUCT_NAME = "$(TARGET_NAME)";
				SWIFT_EMIT_LOC_STRINGS = YES;
				SWIFT_VERSION = 5.0;
			};
			name = Release;
		};
/* End XCBuildConfiguration section */

/* Begin XCConfigurationList section */
		17C1502F285BF99700910754 /* Build configuration list for PBXProject "Taberu" */ = {
			isa = XCConfigurationList;
			buildConfigurations = (
				17C15041285BF99900910754 /* Debug */,
				17C15042285BF99900910754 /* Release */,
			);
			defaultConfigurationIsVisible = 0;
			defaultConfigurationName = Release;
		};
		17C15043285BF99900910754 /* Build configuration list for PBXNativeTarget "Taberu" */ = {
			isa = XCConfigurationList;
			buildConfigurations = (
				17C15044285BF99900910754 /* Debug */,
				17C15045285BF99900910754 /* Release */,
			);
			defaultConfigurationIsVisible = 0;
			defaultConfigurationName = Release;
		};
/* End XCConfigurationList section */

/* Begin XCRemoteSwiftPackageReference section */
		17C15046285BF9C300910754 /* XCRemoteSwiftPackageReference "FeedKit" */ = {
			isa = XCRemoteSwiftPackageReference;
			repositoryURL = "https://github.com/nmdias/FeedKit/";
			requirement = {
				kind = upToNextMajorVersion;
				minimumVersion = 9.0.0;
			};
		};
/* End XCRemoteSwiftPackageReference section */

/* Begin XCSwiftPackageProductDependency section */
		17C15047285BF9C300910754 /* FeedKit */ = {
			isa = XCSwiftPackageProductDependency;
			package = 17C15046285BF9C300910754 /* XCRemoteSwiftPackageReference "FeedKit" */;
			productName = FeedKit;
		};
/* End XCSwiftPackageProductDependency section */
	};
	rootObject = 17C1502C285BF99700910754 /* Project object */;
}
